
Microsoft Visual Studio Solution File, Format Version 12.00
# Visual Studio Version 17
VisualStudioVersion = 17.13.35828.75 d17.13
MinimumVisualStudioVersion = 10.0.40219.1
Project("{FAE04EC0-301F-11D3-BF4B-00C04F79EFBC}") = "Games", "Games\Games.csproj", "{C7894D3D-BEEF-425A-B6EB-F60D521DA5ED}"
EndProject
Global
	GlobalSection(SolutionConfigurationPlatforms) = preSolution
		Debug|Any CPU = Debug|Any CPU
		Release|Any CPU = Release|Any CPU
	EndGlobalSection
	GlobalSection(ProjectConfigurationPlatforms) = postSolution
		{C7894D3D-BEEF-425A-B6EB-F60D521DA5ED}.Debug|Any CPU.ActiveCfg = Debug|Any CPU
		{C7894D3D-BEEF-425A-B6EB-F60D521DA5ED}.Debug|Any CPU.Build.0 = Debug|Any CPU
		{C7894D3D-BEEF-425A-B6EB-F60D521DA5ED}.Release|Any CPU.ActiveCfg = Release|Any CPU
		{C7894D3D-BEEF-425A-B6EB-F60D521DA5ED}.Release|Any CPU.Build.0 = Release|Any CPU
	EndGlobalSection
	GlobalSection(SolutionProperties) = preSolution
		HideSolutionNode = FALSE
	EndGlobalSection
	GlobalSection(ExtensibilityGlobals) = postSolution
		SolutionGuid = {8518BBBA-E821-4572-82DB-1FCCF34FA477}
	EndGlobalSection
EndGlobal
