
Microsoft Visual Studio Solution File, Format Version 12.00
# Visual Studio Version 17
VisualStudioVersion = 17.13.35828.75 d17.13
MinimumVisualStudioVersion = 10.0.40219.1
Project("{FAE04EC0-301F-11D3-BF4B-00C04F79EFBC}") = "Vigadeparandus", "Vigadeparandus\Vigadeparandus.csproj", "{E83F2218-E490-4F1E-9C02-8408A2D75744}"
EndProject
Global
	GlobalSection(SolutionConfigurationPlatforms) = preSolution
		Debug|Any CPU = Debug|Any CPU
		Release|Any CPU = Release|Any CPU
	EndGlobalSection
	GlobalSection(ProjectConfigurationPlatforms) = postSolution
		{E83F2218-E490-4F1E-9C02-8408A2D75744}.Debug|Any CPU.ActiveCfg = Debug|Any CPU
		{E83F2218-E490-4F1E-9C02-8408A2D75744}.Debug|Any CPU.Build.0 = Debug|Any CPU
		{E83F2218-E490-4F1E-9C02-8408A2D75744}.Release|Any CPU.ActiveCfg = Release|Any CPU
		{E83F2218-E490-4F1E-9C02-8408A2D75744}.Release|Any CPU.Build.0 = Release|Any CPU
	EndGlobalSection
	GlobalSection(SolutionProperties) = preSolution
		HideSolutionNode = FALSE
	EndGlobalSection
	GlobalSection(ExtensibilityGlobals) = postSolution
		SolutionGuid = {588E2905-4ED6-4C92-AE37-E87E37BB6764}
	EndGlobalSection
EndGlobal
