
Microsoft Visual Studio Solution File, Format Version 12.00
# Visual Studio Version 17
VisualStudioVersion = 17.13.35828.75 d17.13
MinimumVisualStudioVersion = 10.0.40219.1
Project("{FAE04EC0-301F-11D3-BF4B-00C04F79EFBC}") = "TunniTooKordamine", "TunniTooKordamine\TunniTooKordamine.csproj", "{54AE08AD-58DE-45E8-ACE6-50B212650A4C}"
EndProject
Global
	GlobalSection(SolutionConfigurationPlatforms) = preSolution
		Debug|Any CPU = Debug|Any CPU
		Release|Any CPU = Release|Any CPU
	EndGlobalSection
	GlobalSection(ProjectConfigurationPlatforms) = postSolution
		{54AE08AD-58DE-45E8-ACE6-50B212650A4C}.Debug|Any CPU.ActiveCfg = Debug|Any CPU
		{54AE08AD-58DE-45E8-ACE6-50B212650A4C}.Debug|Any CPU.Build.0 = Debug|Any CPU
		{54AE08AD-58DE-45E8-ACE6-50B212650A4C}.Release|Any CPU.ActiveCfg = Release|Any CPU
		{54AE08AD-58DE-45E8-ACE6-50B212650A4C}.Release|Any CPU.Build.0 = Release|Any CPU
	EndGlobalSection
	GlobalSection(SolutionProperties) = preSolution
		HideSolutionNode = FALSE
	EndGlobalSection
	GlobalSection(ExtensibilityGlobals) = postSolution
		SolutionGuid = {EB547FF6-8E56-4558-A8B3-E7CCB4BDCEBD}
	EndGlobalSection
EndGlobal
