
Microsoft Visual Studio Solution File, Format Version 12.00
# Visual Studio Version 17
VisualStudioVersion = 17.13.35828.75 d17.13
MinimumVisualStudioVersion = 10.0.40219.1
Project("{FAE04EC0-301F-11D3-BF4B-00C04F79EFBC}") = "MethodCall", "MethodCall\MethodCall.csproj", "{D895C85C-0E1C-4404-A444-A377E5AE0B60}"
EndProject
Global
	GlobalSection(SolutionConfigurationPlatforms) = preSolution
		Debug|Any CPU = Debug|Any CPU
		Release|Any CPU = Release|Any CPU
	EndGlobalSection
	GlobalSection(ProjectConfigurationPlatforms) = postSolution
		{D895C85C-0E1C-4404-A444-A377E5AE0B60}.Debug|Any CPU.ActiveCfg = Debug|Any CPU
		{D895C85C-0E1C-4404-A444-A377E5AE0B60}.Debug|Any CPU.Build.0 = Debug|Any CPU
		{D895C85C-0E1C-4404-A444-A377E5AE0B60}.Release|Any CPU.ActiveCfg = Release|Any CPU
		{D895C85C-0E1C-4404-A444-A377E5AE0B60}.Release|Any CPU.Build.0 = Release|Any CPU
	EndGlobalSection
	GlobalSection(SolutionProperties) = preSolution
		HideSolutionNode = FALSE
	EndGlobalSection
	GlobalSection(ExtensibilityGlobals) = postSolution
		SolutionGuid = {C690C3E4-77C7-4016-82B7-011E84A44DCA}
	EndGlobalSection
EndGlobal
