
Microsoft Visual Studio Solution File, Format Version 12.00
# Visual Studio Version 17
VisualStudioVersion = 17.13.35828.75 d17.13
MinimumVisualStudioVersion = 10.0.40219.1
Project("{FAE04EC0-301F-11D3-BF4B-00C04F79EFBC}") = "SwitchMultipleCasess", "SwitchMultipleCasess\SwitchMultipleCasess.csproj", "{E8A90263-A9CA-426F-8DA5-AECBD5C7F99B}"
EndProject
Global
	GlobalSection(SolutionConfigurationPlatforms) = preSolution
		Debug|Any CPU = Debug|Any CPU
		Release|Any CPU = Release|Any CPU
	EndGlobalSection
	GlobalSection(ProjectConfigurationPlatforms) = postSolution
		{E8A90263-A9CA-426F-8DA5-AECBD5C7F99B}.Debug|Any CPU.ActiveCfg = Debug|Any CPU
		{E8A90263-A9CA-426F-8DA5-AECBD5C7F99B}.Debug|Any CPU.Build.0 = Debug|Any CPU
		{E8A90263-A9CA-426F-8DA5-AECBD5C7F99B}.Release|Any CPU.ActiveCfg = Release|Any CPU
		{E8A90263-A9CA-426F-8DA5-AECBD5C7F99B}.Release|Any CPU.Build.0 = Release|Any CPU
	EndGlobalSection
	GlobalSection(SolutionProperties) = preSolution
		HideSolutionNode = FALSE
	EndGlobalSection
	GlobalSection(ExtensibilityGlobals) = postSolution
		SolutionGuid = {E47ED44E-6ABF-49A3-9124-53F4C3DCA7A3}
	EndGlobalSection
EndGlobal
