
Microsoft Visual Studio Solution File, Format Version 12.00
# Visual Studio Version 17
VisualStudioVersion = 17.13.35828.75 d17.13
MinimumVisualStudioVersion = 10.0.40219.1
Project("{FAE04EC0-301F-11D3-BF4B-00C04F79EFBC}") = "QuadraticFormulaRuutvõrrand", "QuadraticFormulaRuutvõrrand\QuadraticFormulaRuutvõrrand.csproj", "{B78587E0-2CFC-4B2A-BB8B-F6794A55340B}"
EndProject
Global
	GlobalSection(SolutionConfigurationPlatforms) = preSolution
		Debug|Any CPU = Debug|Any CPU
		Release|Any CPU = Release|Any CPU
	EndGlobalSection
	GlobalSection(ProjectConfigurationPlatforms) = postSolution
		{B78587E0-2CFC-4B2A-BB8B-F6794A55340B}.Debug|Any CPU.ActiveCfg = Debug|Any CPU
		{B78587E0-2CFC-4B2A-BB8B-F6794A55340B}.Debug|Any CPU.Build.0 = Debug|Any CPU
		{B78587E0-2CFC-4B2A-BB8B-F6794A55340B}.Release|Any CPU.ActiveCfg = Release|Any CPU
		{B78587E0-2CFC-4B2A-BB8B-F6794A55340B}.Release|Any CPU.Build.0 = Release|Any CPU
	EndGlobalSection
	GlobalSection(SolutionProperties) = preSolution
		HideSolutionNode = FALSE
	EndGlobalSection
	GlobalSection(ExtensibilityGlobals) = postSolution
		SolutionGuid = {E54BF21C-7BD6-40DE-85AE-82FAE8B59DBA}
	EndGlobalSection
EndGlobal
