
Microsoft Visual Studio Solution File, Format Version 12.00
# Visual Studio Version 17
VisualStudioVersion = 17.13.35828.75 d17.13
MinimumVisualStudioVersion = 10.0.40219.1
Project("{FAE04EC0-301F-11D3-BF4B-00C04F79EFBC}") = "ArrayString", "ArrayString\ArrayString.csproj", "{17A50CF9-C1E8-46C1-A6F8-D71C5C47C6F3}"
EndProject
Global
	GlobalSection(SolutionConfigurationPlatforms) = preSolution
		Debug|Any CPU = Debug|Any CPU
		Release|Any CPU = Release|Any CPU
	EndGlobalSection
	GlobalSection(ProjectConfigurationPlatforms) = postSolution
		{17A50CF9-C1E8-46C1-A6F8-D71C5C47C6F3}.Debug|Any CPU.ActiveCfg = Debug|Any CPU
		{17A50CF9-C1E8-46C1-A6F8-D71C5C47C6F3}.Debug|Any CPU.Build.0 = Debug|Any CPU
		{17A50CF9-C1E8-46C1-A6F8-D71C5C47C6F3}.Release|Any CPU.ActiveCfg = Release|Any CPU
		{17A50CF9-C1E8-46C1-A6F8-D71C5C47C6F3}.Release|Any CPU.Build.0 = Release|Any CPU
	EndGlobalSection
	GlobalSection(SolutionProperties) = preSolution
		HideSolutionNode = FALSE
	EndGlobalSection
	GlobalSection(ExtensibilityGlobals) = postSolution
		SolutionGuid = {39290072-347B-4510-B24F-F53BFAD05D46}
	EndGlobalSection
EndGlobal
